
Microsoft Visual Studio Solution File, Format Version 12.00
# Visual Studio 15
VisualStudioVersion = 15.0.28307.136
MinimumVisualStudioVersion = 10.0.40219.1
Project("{FAE04EC0-301F-11D3-BF4B-00C04F79EFBC}") = "WPF_Tutorial1_Canvas", "WPF_Tutorial1_Canvas\WPF_Tutorial1_Canvas.csproj", "{4F25EF30-B887-48A9-9F79-F79FFFAE9B28}"
EndProject
Global
	GlobalSection(SolutionConfigurationPlatforms) = preSolution
		Debug|Any CPU = Debug|Any CPU
		Release|Any CPU = Release|Any CPU
	EndGlobalSection
	GlobalSection(ProjectConfigurationPlatforms) = postSolution
		{4F25EF30-B887-48A9-9F79-F79FFFAE9B28}.Debug|Any CPU.ActiveCfg = Debug|Any CPU
		{4F25EF30-B887-48A9-9F79-F79FFFAE9B28}.Debug|Any CPU.Build.0 = Debug|Any CPU
		{4F25EF30-B887-48A9-9F79-F79FFFAE9B28}.Release|Any CPU.ActiveCfg = Release|Any CPU
		{4F25EF30-B887-48A9-9F79-F79FFFAE9B28}.Release|Any CPU.Build.0 = Release|Any CPU
	EndGlobalSection
	GlobalSection(SolutionProperties) = preSolution
		HideSolutionNode = FALSE
	EndGlobalSection
	GlobalSection(ExtensibilityGlobals) = postSolution
		SolutionGuid = {9306EF48-6CDE-4F56-8A14-EA796F3D5754}
	EndGlobalSection
EndGlobal
