
Microsoft Visual Studio Solution File, Format Version 12.00
# Visual Studio 15
VisualStudioVersion = 15.0.28307.136
MinimumVisualStudioVersion = 10.0.40219.1
Project("{FAE04EC0-301F-11D3-BF4B-00C04F79EFBC}") = "WPF_Tutorial1_Buttons_Text", "WPF_Tutorial1_Buttons_Text\WPF_Tutorial1_Buttons_Text.csproj", "{84DABFC7-DD4E-467E-ABBE-39D75E4D8C7C}"
EndProject
Global
	GlobalSection(SolutionConfigurationPlatforms) = preSolution
		Debug|Any CPU = Debug|Any CPU
		Release|Any CPU = Release|Any CPU
	EndGlobalSection
	GlobalSection(ProjectConfigurationPlatforms) = postSolution
		{84DABFC7-DD4E-467E-ABBE-39D75E4D8C7C}.Debug|Any CPU.ActiveCfg = Debug|Any CPU
		{84DABFC7-DD4E-467E-ABBE-39D75E4D8C7C}.Debug|Any CPU.Build.0 = Debug|Any CPU
		{84DABFC7-DD4E-467E-ABBE-39D75E4D8C7C}.Release|Any CPU.ActiveCfg = Release|Any CPU
		{84DABFC7-DD4E-467E-ABBE-39D75E4D8C7C}.Release|Any CPU.Build.0 = Release|Any CPU
	EndGlobalSection
	GlobalSection(SolutionProperties) = preSolution
		HideSolutionNode = FALSE
	EndGlobalSection
	GlobalSection(ExtensibilityGlobals) = postSolution
		SolutionGuid = {168EC3EB-5674-4248-93C3-4F3A6E01807E}
	EndGlobalSection
EndGlobal
